
Microsoft Visual Studio Solution File, Format Version 12.00
# Visual Studio Version 17
VisualStudioVersion = 17.14.36623.8
MinimumVisualStudioVersion = 10.0.40219.1
Project("{FAE04EC0-301F-11D3-BF4B-00C04F79EFBC}") = "FinTrack", "FinTrack.csproj", "{27268214-A007-4E16-B52C-4EE07A60C2B0}"
EndProject
Global
	GlobalSection(SolutionConfigurationPlatforms) = preSolution
		Debug|Any CPU = Debug|Any CPU
		Release|Any CPU = Release|Any CPU
	EndGlobalSection
	GlobalSection(ProjectConfigurationPlatforms) = postSolution
		{27268214-A007-4E16-B52C-4EE07A60C2B0}.Debug|Any CPU.ActiveCfg = Debug|Any CPU
		{27268214-A007-4E16-B52C-4EE07A60C2B0}.Debug|Any CPU.Build.0 = Debug|Any CPU
		{27268214-A007-4E16-B52C-4EE07A60C2B0}.Release|Any CPU.ActiveCfg = Release|Any CPU
		{27268214-A007-4E16-B52C-4EE07A60C2B0}.Release|Any CPU.Build.0 = Release|Any CPU
	EndGlobalSection
	GlobalSection(SolutionProperties) = preSolution
		HideSolutionNode = FALSE
	EndGlobalSection
	GlobalSection(ExtensibilityGlobals) = postSolution
		SolutionGuid = {0FA8AEAF-E201-420A-8EED-6A583CC84E2B}
	EndGlobalSection
EndGlobal
